// !$*UTF8*$!
{
	archiveVersion = 1;
	classes = {
	};
	objectVersion = 46;
	objects = {

/* Begin PBXBuildFile section */
		258137CE1DDA0B530038E529 /* main.m in Sources */ = {isa = PBXBuildFile; fileRef = 258137CD1DDA0B530038E529 /* main.m */; };
		258137D11DDA0B530038E529 /* AppDelegate.m in Sources */ = {isa = PBXBuildFile; fileRef = 258137D01DDA0B530038E529 /* AppDelegate.m */; };
		258137D41DDA0B530038E529 /* ViewController.m in Sources */ = {isa = PBXBuildFile; fileRef = 258137D31DDA0B530038E529 /* ViewController.m */; };
		258137D71DDA0B530038E529 /* Main.storyboard in Resources */ = {isa = PBXBuildFile; fileRef = 258137D51DDA0B530038E529 /* Main.storyboard */; };
		258137D91DDA0B530038E529 /* Assets.xcassets in Resources */ = {isa = PBXBuildFile; fileRef = 258137D81DDA0B530038E529 /* Assets.xcassets */; };
		258137DC1DDA0B530038E529 /* LaunchScreen.storyboard in Resources */ = {isa = PBXBuildFile; fileRef = 258137DA1DDA0B530038E529 /* LaunchScreen.storyboard */; };
/* End PBXBuildFile section */

/* Begin PBXFileReference section */
		258137C91DDA0B530038E529 /* MorningTimer.app */ = {isa = PBXFileReference; explicitFileType = wrapper.application; includeInIndex = 0; path = MorningTimer.app; sourceTree = BUILT_PRODUCTS_DIR; };
		258137CD1DDA0B530038E529 /* main.m */ = {isa = PBXFileReference; lastKnownFileType = sourcecode.c.objc; path = main.m; sourceTree = "<group>"; };
		258137CF1DDA0B530038E529 /* AppDelegate.h */ = {isa = PBXFileReference; lastKnownFileType = sourcecode.c.h; path = AppDelegate.h; sourceTree = "<group>"; };
		258137D01DDA0B530038E529 /* AppDelegate.m */ = {isa = PBXFileReference; lastKnownFileType = sourcecode.c.objc; path = AppDelegate.m; sourceTree = "<group>"; };
		258137D21DDA0B530038E529 /* ViewController.h */ = {isa = PBXFileReference; lastKnownFileType = sourcecode.c.h; path = ViewController.h; sourceTree = "<group>"; };
		258137D31DDA0B530038E529 /* ViewController.m */ = {isa = PBXFileReference; lastKnownFileType = sourcecode.c.objc; path = ViewController.m; sourceTree = "<group>"; };
		258137D61DDA0B530038E529 /* Base */ = {isa = PBXFileReference; lastKnownFileType = file.storyboard; name = Base; path = Base.lproj/Main.storyboard; sourceTree = "<group>"; };
		258137D81DDA0B530038E529 /* Assets.xcassets */ = {isa = PBXFileReference; lastKnownFileType = folder.assetcatalog; path = Assets.xcassets; sourceTree = "<group>"; };
		258137DB1DDA0B530038E529 /* Base */ = {isa = PBXFileReference; lastKnownFileType = file.storyboard; name = Base; path = Base.lproj/LaunchScreen.storyboard; sourceTree = "<group>"; };
		258137DD1DDA0B530038E529 /* Info.plist */ = {isa = PBXFileReference; lastKnownFileType = text.plist.xml; path = Info.plist; sourceTree = "<group>"; };
/* End PBXFileReference section */

/* Begin PBXFrameworksBuildPhase section */
		258137C61DDA0B530038E529 /* Frameworks */ = {
			isa = PBXFrameworksBuildPhase;
			buildActionMask = 2147483647;
			files = (
			);
			runOnlyForDeploymentPostprocessing = 0;
		};
/* End PBXFrameworksBuildPhase section */

/* Begin PBXGroup section */
		258137C01DDA0B530038E529 = {
			isa = PBXGroup;
			children = (
				258137CB1DDA0B530038E529 /* MorningTimer */,
				258137CA1DDA0B530038E529 /* Products */,
			);
			sourceTree = "<group>";
		};
		258137CA1DDA0B530038E529 /* Products */ = {
			isa = PBXGroup;
			children = (
				258137C91DDA0B530038E529 /* MorningTimer.app */,
			);
			name = Products;
			sourceTree = "<group>";
		};
		258137CB1DDA0B530038E529 /* MorningTimer */ = {
			isa = PBXGroup;
			children = (
				258137CF1DDA0B530038E529 /* AppDelegate.h */,
				258137D01DDA0B530038E529 /* AppDelegate.m */,
				258137D21DDA0B530038E529 /* ViewController.h */,
				258137D31DDA0B530038E529 /* ViewController.m */,
				258137D51DDA0B530038E529 /* Main.storyboard */,
				258137D81DDA0B530038E529 /* Assets.xcassets */,
				258137DA1DDA0B530038E529 /* LaunchScreen.storyboard */,
				258137DD1DDA0B530038E529 /* Info.plist */,
				258137CC1DDA0B530038E529 /* Supporting Files */,
			);
			path = MorningTimer;
			sourceTree = "<group>";
		};
		258137CC1DDA0B530038E529 /* Supporting Files */ = {
			isa = PBXGroup;
			children = (
				258137CD1DDA0B530038E529 /* main.m */,
			);
			name = "Supporting Files";
			sourceTree = "<group>";
		};
/* End PBXGroup section */

/* Begin PBXNativeTarget section */
		258137C81DDA0B530038E529 /* MorningTimer */ = {
			isa = PBXNativeTarget;
			buildConfigurationList = 258137E01DDA0B530038E529 /* Build configuration list for PBXNativeTarget "MorningTimer" */;
			buildPhases = (
				258137C51DDA0B530038E529 /* Sources */,
				258137C61DDA0B530038E529 /* Frameworks */,
				258137C71DDA0B530038E529 /* Resources */,
			);
			buildRules = (
			);
			dependencies = (
			);
			name = MorningTimer;
			productName = MorningTimer;
			productReference = 258137C91DDA0B530038E529 /* MorningTimer.app */;
			productType = "com.apple.product-type.application";
		};
/* End PBXNativeTarget section */

/* Begin PBXProject section */
		258137C11DDA0B530038E529 /* Project object */ = {
			isa = PBXProject;
			attributes = {
				LastUpgradeCheck = 0810;
				ORGANIZATIONNAME = "Michael Fuchs";
				TargetAttributes = {
					258137C81DDA0B530038E529 = {
						CreatedOnToolsVersion = 8.1;
						DevelopmentTeam = UKMSWCZ4X7;
						ProvisioningStyle = Automatic;
					};
				};
			};
			buildConfigurationList = 258137C41DDA0B530038E529 /* Build configuration list for PBXProject "MorningTimer" */;
			compatibilityVersion = "Xcode 3.2";
			developmentRegion = English;
			hasScannedForEncodings = 0;
			knownRegions = (
				en,
				Base,
			);
			mainGroup = 258137C01DDA0B530038E529;
			productRefGroup = 258137CA1DDA0B530038E529 /* Products */;
			projectDirPath = "";
			projectRoot = "";
			targets = (
				258137C81DDA0B530038E529 /* MorningTimer */,
			);
		};
/* End PBXProject section */

/* Begin PBXResourcesBuildPhase section */
		258137C71DDA0B530038E529 /* Resources */ = {
			isa = PBXResourcesBuildPhase;
			buildActionMask = 2147483647;
			files = (
				258137DC1DDA0B530038E529 /* LaunchScreen.storyboard in Resources */,
				258137D91DDA0B530038E529 /* Assets.xcassets in Resources */,
				258137D71DDA0B530038E529 /* Main.storyboard in Resources */,
			);
			runOnlyForDeploymentPostprocessing = 0;
		};
/* End PBXResourcesBuildPhase section */

/* Begin PBXSourcesBuildPhase section */
		258137C51DDA0B530038E529 /* Sources */ = {
			isa = PBXSourcesBuildPhase;
			buildActionMask = 2147483647;
			files = (
				258137D41DDA0B530038E529 /* ViewController.m in Sources */,
				258137D11DDA0B530038E529 /* AppDelegate.m in Sources */,
				258137CE1DDA0B530038E529 /* main.m in Sources */,
			);
			runOnlyForDeploymentPostprocessing = 0;
		};
/* End PBXSourcesBuildPhase section */

/* Begin PBXVariantGroup section */
		258137D51DDA0B530038E529 /* Main.storyboard */ = {
			isa = PBXVariantGroup;
			children = (
				258137D61DDA0B530038E529 /* Base */,
			);
			name = Main.storyboard;
			sourceTree = "<group>";
		};
		258137DA1DDA0B530038E529 /* LaunchScreen.storyboard */ = {
			isa = PBXVariantGroup;
			children = (
				258137DB1DDA0B530038E529 /* Base */,
			);
			name = LaunchScreen.storyboard;
			sourceTree = "<group>";
		};
/* End PBXVariantGroup section */

/* Begin XCBuildConfiguration section */
		258137DE1DDA0B530038E529 /* Debug */ = {
			isa = XCBuildConfiguration;
			buildSettings = {
				ALWAYS_SEARCH_USER_PATHS = NO;
				CLANG_ANALYZER_NONNULL = YES;
				CLANG_CXX_LANGUAGE_STANDARD = "gnu++0x";
				CLANG_CXX_LIBRARY = "libc++";
				CLANG_ENABLE_MODULES = YES;
				CLANG_ENABLE_OBJC_ARC = YES;
				CLANG_WARN_BOOL_CONVERSION = YES;
				CLANG_WARN_CONSTANT_CONVERSION = YES;
				CLANG_WARN_DIRECT_OBJC_ISA_USAGE = YES_ERROR;
				CLANG_WARN_DOCUMENTATION_COMMENTS = YES;
				CLANG_WARN_EMPTY_BODY = YES;
				CLANG_WARN_ENUM_CONVERSION = YES;
				CLANG_WARN_INFINITE_RECURSION = YES;
				CLANG_WARN_INT_CONVERSION = YES;
				CLANG_WARN_OBJC_ROOT_CLASS = YES_ERROR;
				CLANG_WARN_SUSPICIOUS_MOVES = YES;
				CLANG_WARN_UNREACHABLE_CODE = YES;
				CLANG_WARN__DUPLICATE_METHOD_MATCH = YES;
				"CODE_SIGN_IDENTITY[sdk=iphoneos*]" = "iPhone Developer";
				COPY_PHASE_STRIP = NO;
				DEBUG_INFORMATION_FORMAT = dwarf;
				ENABLE_STRICT_OBJC_MSGSEND = YES;
				ENABLE_TESTABILITY = YES;
				GCC_C_LANGUAGE_STANDARD = gnu99;
				GCC_DYNAMIC_NO_PIC = NO;
				GCC_NO_COMMON_BLOCKS = YES;
				GCC_OPTIMIZATION_LEVEL = 0;
				GCC_PREPROCESSOR_DEFINITIONS = (
					"DEBUG=1",
					"$(inherited)",
				);
				GCC_WARN_64_TO_32_BIT_CONVERSION = YES;
				GCC_WARN_ABOUT_RETURN_TYPE = YES_ERROR;
				GCC_WARN_UNDECLARED_SELECTOR = YES;
				GCC_WARN_UNINITIALIZED_AUTOS = YES_AGGRESSIVE;
				GCC_WARN_UNUSED_FUNCTION = YES;
				GCC_WARN_UNUSED_VARIABLE = YES;
				IPHONEOS_DEPLOYMENT_TARGET = 10.1;
				MTL_ENABLE_DEBUG_INFO = YES;
				ONLY_ACTIVE_ARCH = YES;
				SDKROOT = iphoneos;
				TARGETED_DEVICE_FAMILY = "1,2";
			};
			name = Debug;
		};
		258137DF1DDA0B530038E529 /* Release */ = {
			isa = XCBuildConfiguration;
			buildSettings = {
				ALWAYS_SEARCH_USER_PATHS = NO;
				CLANG_ANALYZER_NONNULL = YES;
				CLANG_CXX_LANGUAGE_STANDARD = "gnu++0x";
				CLANG_CXX_LIBRARY = "libc++";
				CLANG_ENABLE_MODULES = YES;
				CLANG_ENABLE_OBJC_ARC = YES;
				CLANG_WARN_BOOL_CONVERSION = YES;
				CLANG_WARN_CONSTANT_CONVERSION = YES;
				CLANG_WARN_DIRECT_OBJC_ISA_USAGE = YES_ERROR;
				CLANG_WARN_DOCUMENTATION_COMMENTS = YES;
				CLANG_WARN_EMPTY_BODY = YES;
				CLANG_WARN_ENUM_CONVERSION = YES;
				CLANG_WARN_INFINITE_RECURSION = YES;
				CLANG_WARN_INT_CONVERSION = YES;
				CLANG_WARN_OBJC_ROOT_CLASS = YES_ERROR;
				CLANG_WARN_SUSPICIOUS_MOVES = YES;
				CLANG_WARN_UNREACHABLE_CODE = YES;
				CLANG_WARN__DUPLICATE_METHOD_MATCH = YES;
				"CODE_SIGN_IDENTITY[sdk=iphoneos*]" = "iPhone Developer";
				COPY_PHASE_STRIP = NO;
				DEBUG_INFORMATION_FORMAT = "dwarf-with-dsym";
				ENABLE_NS_ASSERTIONS = NO;
				ENABLE_STRICT_OBJC_MSGSEND = YES;
				GCC_C_LANGUAGE_STANDARD = gnu99;
				GCC_NO_COMMON_BLOCKS = YES;
				GCC_WARN_64_TO_32_BIT_CONVERSION = YES;
				GCC_WARN_ABOUT_RETURN_TYPE = YES_ERROR;
				GCC_WARN_UNDECLARED_SELECTOR = YES;
				GCC_WARN_UNINITIALIZED_AUTOS = YES_AGGRESSIVE;
				GCC_WARN_UNUSED_FUNCTION = YES;
				GCC_WARN_UNUSED_VARIABLE = YES;
				IPHONEOS_DEPLOYMENT_TARGET = 10.1;
				MTL_ENABLE_DEBUG_INFO = NO;
				SDKROOT = iphoneos;
				TARGETED_DEVICE_FAMILY = "1,2";
				VALIDATE_PRODUCT = YES;
			};
			name = Release;
		};
		258137E11DDA0B530038E529 /* Debug */ = {
			isa = XCBuildConfiguration;
			buildSettings = {
				ASSETCATALOG_COMPILER_APPICON_NAME = AppIcon;
				DEVELOPMENT_TEAM = UKMSWCZ4X7;
				INFOPLIST_FILE = MorningTimer/Info.plist;
				LD_RUNPATH_SEARCH_PATHS = "$(inherited) @executable_path/Frameworks";
				PRODUCT_BUNDLE_IDENTIFIER = de.mfuchssoftware.MorningTimer;
				PRODUCT_NAME = "$(TARGET_NAME)";
			};
			name = Debug;
		};
		258137E21DDA0B530038E529 /* Release */ = {
			isa = XCBuildConfiguration;
			buildSettings = {
				ASSETCATALOG_COMPILER_APPICON_NAME = AppIcon;
				DEVELOPMENT_TEAM = UKMSWCZ4X7;
				INFOPLIST_FILE = MorningTimer/Info.plist;
				LD_RUNPATH_SEARCH_PATHS = "$(inherited) @executable_path/Frameworks";
				PRODUCT_BUNDLE_IDENTIFIER = de.mfuchssoftware.MorningTimer;
				PRODUCT_NAME = "$(TARGET_NAME)";
			};
			name = Release;
		};
/* End XCBuildConfiguration section */

/* Begin XCConfigurationList section */
		258137C41DDA0B530038E529 /* Build configuration list for PBXProject "MorningTimer" */ = {
			isa = XCConfigurationList;
			buildConfigurations = (
				258137DE1DDA0B530038E529 /* Debug */,
				258137DF1DDA0B530038E529 /* Release */,
			);
			defaultConfigurationIsVisible = 0;
			defaultConfigurationName = Release;
		};
		258137E01DDA0B530038E529 /* Build configuration list for PBXNativeTarget "MorningTimer" */ = {
			isa = XCConfigurationList;
			buildConfigurations = (
				258137E11DDA0B530038E529 /* Debug */,
				258137E21DDA0B530038E529 /* Release */,
			);
			defaultConfigurationIsVisible = 0;
		};
/* End XCConfigurationList section */
	};
	rootObject = 258137C11DDA0B530038E529 /* Project object */;
}
